// !$*UTF8*$!
{
	archiveVersion = 1;
	classes = {
	};
	objectVersion = 55;
	objects = {

/* Begin PBXBuildFile section */
		E82F2BEE28141387002EFB3C /* MainViewController.swift in Sources */ = {isa = PBXBuildFile; fileRef = E82F2BED28141387002EFB3C /* MainViewController.swift */; };
		E82F2BF0281413D0002EFB3C /* NetworkManager.swift in Sources */ = {isa = PBXBuildFile; fileRef = E82F2BEF281413D0002EFB3C /* NetworkManager.swift */; };
		E82F2BF228142865002EFB3C /* CharacterViewCell.swift in Sources */ = {isa = PBXBuildFile; fileRef = E82F2BF128142865002EFB3C /* CharacterViewCell.swift */; };
		E8F300E428140B1800E09118 /* AppDelegate.swift in Sources */ = {isa = PBXBuildFile; fileRef = E8F300E328140B1800E09118 /* AppDelegate.swift */; };
		E8F300E628140B1800E09118 /* SceneDelegate.swift in Sources */ = {isa = PBXBuildFile; fileRef = E8F300E528140B1800E09118 /* SceneDelegate.swift */; };
		E8F300EB28140B1800E09118 /* Main.storyboard in Resources */ = {isa = PBXBuildFile; fileRef = E8F300E928140B1800E09118 /* Main.storyboard */; };
		E8F300ED28140B1900E09118 /* Assets.xcassets in Resources */ = {isa = PBXBuildFile; fileRef = E8F300EC28140B1900E09118 /* Assets.xcassets */; };
		E8F300F028140B1900E09118 /* LaunchScreen.storyboard in Resources */ = {isa = PBXBuildFile; fileRef = E8F300EE28140B1900E09118 /* LaunchScreen.storyboard */; };
		E8F300FC28140FB900E09118 /* RickAndMorty.swift in Sources */ = {isa = PBXBuildFile; fileRef = E8F300FB28140FB900E09118 /* RickAndMorty.swift */; };
/* End PBXBuildFile section */

/* Begin PBXFileReference section */
		E82F2BED28141387002EFB3C /* MainViewController.swift */ = {isa = PBXFileReference; lastKnownFileType = sourcecode.swift; path = MainViewController.swift; sourceTree = "<group>"; };
		E82F2BEF281413D0002EFB3C /* NetworkManager.swift */ = {isa = PBXFileReference; lastKnownFileType = sourcecode.swift; path = NetworkManager.swift; sourceTree = "<group>"; };
		E82F2BF128142865002EFB3C /* CharacterViewCell.swift */ = {isa = PBXFileReference; lastKnownFileType = sourcecode.swift; path = CharacterViewCell.swift; sourceTree = "<group>"; };
		E8F300E028140B1800E09118 /* RickAndMorty2022.app */ = {isa = PBXFileReference; explicitFileType = wrapper.application; includeInIndex = 0; path = RickAndMorty2022.app; sourceTree = BUILT_PRODUCTS_DIR; };
		E8F300E328140B1800E09118 /* AppDelegate.swift */ = {isa = PBXFileReference; lastKnownFileType = sourcecode.swift; path = AppDelegate.swift; sourceTree = "<group>"; };
		E8F300E528140B1800E09118 /* SceneDelegate.swift */ = {isa = PBXFileReference; lastKnownFileType = sourcecode.swift; path = SceneDelegate.swift; sourceTree = "<group>"; };
		E8F300EA28140B1800E09118 /* Base */ = {isa = PBXFileReference; lastKnownFileType = file.storyboard; name = Base; path = Base.lproj/Main.storyboard; sourceTree = "<group>"; };
		E8F300EC28140B1900E09118 /* Assets.xcassets */ = {isa = PBXFileReference; lastKnownFileType = folder.assetcatalog; path = Assets.xcassets; sourceTree = "<group>"; };
		E8F300EF28140B1900E09118 /* Base */ = {isa = PBXFileReference; lastKnownFileType = file.storyboard; name = Base; path = Base.lproj/LaunchScreen.storyboard; sourceTree = "<group>"; };
		E8F300F128140B1900E09118 /* Info.plist */ = {isa = PBXFileReference; lastKnownFileType = text.plist.xml; path = Info.plist; sourceTree = "<group>"; };
		E8F300FB28140FB900E09118 /* RickAndMorty.swift */ = {isa = PBXFileReference; lastKnownFileType = sourcecode.swift; path = RickAndMorty.swift; sourceTree = "<group>"; };
/* End PBXFileReference section */

/* Begin PBXFrameworksBuildPhase section */
		E8F300DD28140B1800E09118 /* Frameworks */ = {
			isa = PBXFrameworksBuildPhase;
			buildActionMask = 2147483647;
			files = (
			);
			runOnlyForDeploymentPostprocessing = 0;
		};
/* End PBXFrameworksBuildPhase section */

/* Begin PBXGroup section */
		E8F300D728140B1800E09118 = {
			isa = PBXGroup;
			children = (
				E8F300E228140B1800E09118 /* RickAndMorty2022 */,
				E8F300E128140B1800E09118 /* Products */,
			);
			sourceTree = "<group>";
		};
		E8F300E128140B1800E09118 /* Products */ = {
			isa = PBXGroup;
			children = (
				E8F300E028140B1800E09118 /* RickAndMorty2022.app */,
			);
			name = Products;
			sourceTree = "<group>";
		};
		E8F300E228140B1800E09118 /* RickAndMorty2022 */ = {
			isa = PBXGroup;
			children = (
				E8F300F728140B2F00E09118 /* Models */,
				E8F300F828140B3600E09118 /* ViewContollers */,
				E8F300F928140B4F00E09118 /* Views */,
				E8F300FA28140B5B00E09118 /* Services */,
				E8F300FD28140FD400E09118 /* App */,
				E8F300FE2814103900E09118 /* Storyboards */,
				E8F300FF2814104A00E09118 /* Resources */,
			);
			path = RickAndMorty2022;
			sourceTree = "<group>";
		};
		E8F300F728140B2F00E09118 /* Models */ = {
			isa = PBXGroup;
			children = (
				E8F300FB28140FB900E09118 /* RickAndMorty.swift */,
			);
			name = Models;
			sourceTree = "<group>";
		};
		E8F300F828140B3600E09118 /* ViewContollers */ = {
			isa = PBXGroup;
			children = (
				E82F2BED28141387002EFB3C /* MainViewController.swift */,
			);
			path = ViewContollers;
			sourceTree = "<group>";
		};
		E8F300F928140B4F00E09118 /* Views */ = {
			isa = PBXGroup;
			children = (
				E82F2BF128142865002EFB3C /* CharacterViewCell.swift */,
			);
			name = Views;
			sourceTree = "<group>";
		};
		E8F300FA28140B5B00E09118 /* Services */ = {
			isa = PBXGroup;
			children = (
				E82F2BEF281413D0002EFB3C /* NetworkManager.swift */,
			);
			path = Services;
			sourceTree = "<group>";
		};
		E8F300FD28140FD400E09118 /* App */ = {
			isa = PBXGroup;
			children = (
				E8F300E328140B1800E09118 /* AppDelegate.swift */,
				E8F300E528140B1800E09118 /* SceneDelegate.swift */,
				E8F300F128140B1900E09118 /* Info.plist */,
			);
			path = App;
			sourceTree = "<group>";
		};
		E8F300FE2814103900E09118 /* Storyboards */ = {
			isa = PBXGroup;
			children = (
				E8F300EE28140B1900E09118 /* LaunchScreen.storyboard */,
				E8F300E928140B1800E09118 /* Main.storyboard */,
			);
			path = Storyboards;
			sourceTree = "<group>";
		};
		E8F300FF2814104A00E09118 /* Resources */ = {
			isa = PBXGroup;
			children = (
				E8F300EC28140B1900E09118 /* Assets.xcassets */,
			);
			path = Resources;
			sourceTree = "<group>";
		};
/* End PBXGroup section */

/* Begin PBXNativeTarget section */
		E8F300DF28140B1800E09118 /* RickAndMorty2022 */ = {
			isa = PBXNativeTarget;
			buildConfigurationList = E8F300F428140B1900E09118 /* Build configuration list for PBXNativeTarget "RickAndMorty2022" */;
			buildPhases = (
				E8F300DC28140B1800E09118 /* Sources */,
				E8F300DD28140B1800E09118 /* Frameworks */,
				E8F300DE28140B1800E09118 /* Resources */,
			);
			buildRules = (
			);
			dependencies = (
			);
			name = RickAndMorty2022;
			productName = RickAndMorty2022;
			productReference = E8F300E028140B1800E09118 /* RickAndMorty2022.app */;
			productType = "com.apple.product-type.application";
		};
/* End PBXNativeTarget section */

/* Begin PBXProject section */
		E8F300D828140B1800E09118 /* Project object */ = {
			isa = PBXProject;
			attributes = {
				BuildIndependentTargetsInParallel = 1;
				LastSwiftUpdateCheck = 1330;
				LastUpgradeCheck = 1330;
				TargetAttributes = {
					E8F300DF28140B1800E09118 = {
						CreatedOnToolsVersion = 13.3.1;
					};
				};
			};
			buildConfigurationList = E8F300DB28140B1800E09118 /* Build configuration list for PBXProject "RickAndMorty2022" */;
			compatibilityVersion = "Xcode 13.0";
			developmentRegion = en;
			hasScannedForEncodings = 0;
			knownRegions = (
				en,
				Base,
			);
			mainGroup = E8F300D728140B1800E09118;
			productRefGroup = E8F300E128140B1800E09118 /* Products */;
			projectDirPath = "";
			projectRoot = "";
			targets = (
				E8F300DF28140B1800E09118 /* RickAndMorty2022 */,
			);
		};
/* End PBXProject section */

/* Begin PBXResourcesBuildPhase section */
		E8F300DE28140B1800E09118 /* Resources */ = {
			isa = PBXResourcesBuildPhase;
			buildActionMask = 2147483647;
			files = (
				E8F300F028140B1900E09118 /* LaunchScreen.storyboard in Resources */,
				E8F300ED28140B1900E09118 /* Assets.xcassets in Resources */,
				E8F300EB28140B1800E09118 /* Main.storyboard in Resources */,
			);
			runOnlyForDeploymentPostprocessing = 0;
		};
/* End PBXResourcesBuildPhase section */

/* Begin PBXSourcesBuildPhase section */
		E8F300DC28140B1800E09118 /* Sources */ = {
			isa = PBXSourcesBuildPhase;
			buildActionMask = 2147483647;
			files = (
				E82F2BF228142865002EFB3C /* CharacterViewCell.swift in Sources */,
				E8F300FC28140FB900E09118 /* RickAndMorty.swift in Sources */,
				E8F300E428140B1800E09118 /* AppDelegate.swift in Sources */,
				E82F2BF0281413D0002EFB3C /* NetworkManager.swift in Sources */,
				E8F300E628140B1800E09118 /* SceneDelegate.swift in Sources */,
				E82F2BEE28141387002EFB3C /* MainViewController.swift in Sources */,
			);
			runOnlyForDeploymentPostprocessing = 0;
		};
/* End PBXSourcesBuildPhase section */

/* Begin PBXVariantGroup section */
		E8F300E928140B1800E09118 /* Main.storyboard */ = {
			isa = PBXVariantGroup;
			children = (
				E8F300EA28140B1800E09118 /* Base */,
			);
			name = Main.storyboard;
			sourceTree = "<group>";
		};
		E8F300EE28140B1900E09118 /* LaunchScreen.storyboard */ = {
			isa = PBXVariantGroup;
			children = (
				E8F300EF28140B1900E09118 /* Base */,
			);
			name = LaunchScreen.storyboard;
			sourceTree = "<group>";
		};
/* End PBXVariantGroup section */

/* Begin XCBuildConfiguration section */
		E8F300F228140B1900E09118 /* Debug */ = {
			isa = XCBuildConfiguration;
			buildSettings = {
				ALWAYS_SEARCH_USER_PATHS = NO;
				CLANG_ANALYZER_NONNULL = YES;
				CLANG_ANALYZER_NUMBER_OBJECT_CONVERSION = YES_AGGRESSIVE;
				CLANG_CXX_LANGUAGE_STANDARD = "gnu++17";
				CLANG_ENABLE_MODULES = YES;
				CLANG_ENABLE_OBJC_ARC = YES;
				CLANG_ENABLE_OBJC_WEAK = YES;
				CLANG_WARN_BLOCK_CAPTURE_AUTORELEASING = YES;
				CLANG_WARN_BOOL_CONVERSION = YES;
				CLANG_WARN_COMMA = YES;
				CLANG_WARN_CONSTANT_CONVERSION = YES;
				CLANG_WARN_DEPRECATED_OBJC_IMPLEMENTATIONS = YES;
				CLANG_WARN_DIRECT_OBJC_ISA_USAGE = YES_ERROR;
				CLANG_WARN_DOCUMENTATION_COMMENTS = YES;
				CLANG_WARN_EMPTY_BODY = YES;
				CLANG_WARN_ENUM_CONVERSION = YES;
				CLANG_WARN_INFINITE_RECURSION = YES;
				CLANG_WARN_INT_CONVERSION = YES;
				CLANG_WARN_NON_LITERAL_NULL_CONVERSION = YES;
				CLANG_WARN_OBJC_IMPLICIT_RETAIN_SELF = YES;
				CLANG_WARN_OBJC_LITERAL_CONVERSION = YES;
				CLANG_WARN_OBJC_ROOT_CLASS = YES_ERROR;
				CLANG_WARN_QUOTED_INCLUDE_IN_FRAMEWORK_HEADER = YES;
				CLANG_WARN_RANGE_LOOP_ANALYSIS = YES;
				CLANG_WARN_STRICT_PROTOTYPES = YES;
				CLANG_WARN_SUSPICIOUS_MOVE = YES;
				CLANG_WARN_UNGUARDED_AVAILABILITY = YES_AGGRESSIVE;
				CLANG_WARN_UNREACHABLE_CODE = YES;
				CLANG_WARN__DUPLICATE_METHOD_MATCH = YES;
				COPY_PHASE_STRIP = NO;
				DEBUG_INFORMATION_FORMAT = dwarf;
				ENABLE_STRICT_OBJC_MSGSEND = YES;
				ENABLE_TESTABILITY = YES;
				GCC_C_LANGUAGE_STANDARD = gnu11;
				GCC_DYNAMIC_NO_PIC = NO;
				GCC_NO_COMMON_BLOCKS = YES;
				GCC_OPTIMIZATION_LEVEL = 0;
				GCC_PREPROCESSOR_DEFINITIONS = (
					"DEBUG=1",
					"$(inherited)",
				);
				GCC_WARN_64_TO_32_BIT_CONVERSION = YES;
				GCC_WARN_ABOUT_RETURN_TYPE = YES_ERROR;
				GCC_WARN_UNDECLARED_SELECTOR = YES;
				GCC_WARN_UNINITIALIZED_AUTOS = YES_AGGRESSIVE;
				GCC_WARN_UNUSED_FUNCTION = YES;
				GCC_WARN_UNUSED_VARIABLE = YES;
				IPHONEOS_DEPLOYMENT_TARGET = 15.4;
				MTL_ENABLE_DEBUG_INFO = INCLUDE_SOURCE;
				MTL_FAST_MATH = YES;
				ONLY_ACTIVE_ARCH = YES;
				SDKROOT = iphoneos;
				SWIFT_ACTIVE_COMPILATION_CONDITIONS = DEBUG;
				SWIFT_OPTIMIZATION_LEVEL = "-Onone";
			};
			name = Debug;
		};
		E8F300F328140B1900E09118 /* Release */ = {
			isa = XCBuildConfiguration;
			buildSettings = {
				ALWAYS_SEARCH_USER_PATHS = NO;
				CLANG_ANALYZER_NONNULL = YES;
				CLANG_ANALYZER_NUMBER_OBJECT_CONVERSION = YES_AGGRESSIVE;
				CLANG_CXX_LANGUAGE_STANDARD = "gnu++17";
				CLANG_ENABLE_MODULES = YES;
				CLANG_ENABLE_OBJC_ARC = YES;
				CLANG_ENABLE_OBJC_WEAK = YES;
				CLANG_WARN_BLOCK_CAPTURE_AUTORELEASING = YES;
				CLANG_WARN_BOOL_CONVERSION = YES;
				CLANG_WARN_COMMA = YES;
				CLANG_WARN_CONSTANT_CONVERSION = YES;
				CLANG_WARN_DEPRECATED_OBJC_IMPLEMENTATIONS = YES;
				CLANG_WARN_DIRECT_OBJC_ISA_USAGE = YES_ERROR;
				CLANG_WARN_DOCUMENTATION_COMMENTS = YES;
				CLANG_WARN_EMPTY_BODY = YES;
				CLANG_WARN_ENUM_CONVERSION = YES;
				CLANG_WARN_INFINITE_RECURSION = YES;
				CLANG_WARN_INT_CONVERSION = YES;
				CLANG_WARN_NON_LITERAL_NULL_CONVERSION = YES;
				CLANG_WARN_OBJC_IMPLICIT_RETAIN_SELF = YES;
				CLANG_WARN_OBJC_LITERAL_CONVERSION = YES;
				CLANG_WARN_OBJC_ROOT_CLASS = YES_ERROR;
				CLANG_WARN_QUOTED_INCLUDE_IN_FRAMEWORK_HEADER = YES;
				CLANG_WARN_RANGE_LOOP_ANALYSIS = YES;
				CLANG_WARN_STRICT_PROTOTYPES = YES;
				CLANG_WARN_SUSPICIOUS_MOVE = YES;
				CLANG_WARN_UNGUARDED_AVAILABILITY = YES_AGGRESSIVE;
				CLANG_WARN_UNREACHABLE_CODE = YES;
				CLANG_WARN__DUPLICATE_METHOD_MATCH = YES;
				COPY_PHASE_STRIP = NO;
				DEBUG_INFORMATION_FORMAT = "dwarf-with-dsym";
				ENABLE_NS_ASSERTIONS = NO;
				ENABLE_STRICT_OBJC_MSGSEND = YES;
				GCC_C_LANGUAGE_STANDARD = gnu11;
				GCC_NO_COMMON_BLOCKS = YES;
				GCC_WARN_64_TO_32_BIT_CONVERSION = YES;
				GCC_WARN_ABOUT_RETURN_TYPE = YES_ERROR;
				GCC_WARN_UNDECLARED_SELECTOR = YES;
				GCC_WARN_UNINITIALIZED_AUTOS = YES_AGGRESSIVE;
				GCC_WARN_UNUSED_FUNCTION = YES;
				GCC_WARN_UNUSED_VARIABLE = YES;
				IPHONEOS_DEPLOYMENT_TARGET = 15.4;
				MTL_ENABLE_DEBUG_INFO = NO;
				MTL_FAST_MATH = YES;
				SDKROOT = iphoneos;
				SWIFT_COMPILATION_MODE = wholemodule;
				SWIFT_OPTIMIZATION_LEVEL = "-O";
				VALIDATE_PRODUCT = YES;
			};
			name = Release;
		};
		E8F300F528140B1900E09118 /* Debug */ = {
			isa = XCBuildConfiguration;
			buildSettings = {
				ASSETCATALOG_COMPILER_APPICON_NAME = AppIcon;
				ASSETCATALOG_COMPILER_GLOBAL_ACCENT_COLOR_NAME = AccentColor;
				CODE_SIGN_STYLE = Automatic;
				CURRENT_PROJECT_VERSION = 1;
				DEVELOPMENT_TEAM = 2Q7FR5CHKB;
				GENERATE_INFOPLIST_FILE = YES;
				INFOPLIST_FILE = RickAndMorty2022/App/Info.plist;
				INFOPLIST_KEY_UIApplicationSupportsIndirectInputEvents = YES;
				INFOPLIST_KEY_UILaunchStoryboardName = LaunchScreen;
				INFOPLIST_KEY_UIMainStoryboardFile = Main;
				INFOPLIST_KEY_UISupportedInterfaceOrientations_iPad = "UIInterfaceOrientationPortrait UIInterfaceOrientationPortraitUpsideDown UIInterfaceOrientationLandscapeLeft UIInterfaceOrientationLandscapeRight";
				INFOPLIST_KEY_UISupportedInterfaceOrientations_iPhone = "UIInterfaceOrientationPortrait UIInterfaceOrientationLandscapeLeft UIInterfaceOrientationLandscapeRight";
				LD_RUNPATH_SEARCH_PATHS = (
					"$(inherited)",
					"@executable_path/Frameworks",
				);
				MARKETING_VERSION = 1.0;
				PRODUCT_BUNDLE_IDENTIFIER = reyganstorm.RickAndMorty2022;
				PRODUCT_NAME = "$(TARGET_NAME)";
				SWIFT_EMIT_LOC_STRINGS = YES;
				SWIFT_VERSION = 5.0;
				TARGETED_DEVICE_FAMILY = "1,2";
			};
			name = Debug;
		};
		E8F300F628140B1900E09118 /* Release */ = {
			isa = XCBuildConfiguration;
			buildSettings = {
				ASSETCATALOG_COMPILER_APPICON_NAME = AppIcon;
				ASSETCATALOG_COMPILER_GLOBAL_ACCENT_COLOR_NAME = AccentColor;
				CODE_SIGN_STYLE = Automatic;
				CURRENT_PROJECT_VERSION = 1;
				DEVELOPMENT_TEAM = 2Q7FR5CHKB;
				GENERATE_INFOPLIST_FILE = YES;
				INFOPLIST_FILE = RickAndMorty2022/App/Info.plist;
				INFOPLIST_KEY_UIApplicationSupportsIndirectInputEvents = YES;
				INFOPLIST_KEY_UILaunchStoryboardName = LaunchScreen;
				INFOPLIST_KEY_UIMainStoryboardFile = Main;
				INFOPLIST_KEY_UISupportedInterfaceOrientations_iPad = "UIInterfaceOrientationPortrait UIInterfaceOrientationPortraitUpsideDown UIInterfaceOrientationLandscapeLeft UIInterfaceOrientationLandscapeRight";
				INFOPLIST_KEY_UISupportedInterfaceOrientations_iPhone = "UIInterfaceOrientationPortrait UIInterfaceOrientationLandscapeLeft UIInterfaceOrientationLandscapeRight";
				LD_RUNPATH_SEARCH_PATHS = (
					"$(inherited)",
					"@executable_path/Frameworks",
				);
				MARKETING_VERSION = 1.0;
				PRODUCT_BUNDLE_IDENTIFIER = reyganstorm.RickAndMorty2022;
				PRODUCT_NAME = "$(TARGET_NAME)";
				SWIFT_EMIT_LOC_STRINGS = YES;
				SWIFT_VERSION = 5.0;
				TARGETED_DEVICE_FAMILY = "1,2";
			};
			name = Release;
		};
/* End XCBuildConfiguration section */

/* Begin XCConfigurationList section */
		E8F300DB28140B1800E09118 /* Build configuration list for PBXProject "RickAndMorty2022" */ = {
			isa = XCConfigurationList;
			buildConfigurations = (
				E8F300F228140B1900E09118 /* Debug */,
				E8F300F328140B1900E09118 /* Release */,
			);
			defaultConfigurationIsVisible = 0;
			defaultConfigurationName = Release;
		};
		E8F300F428140B1900E09118 /* Build configuration list for PBXNativeTarget "RickAndMorty2022" */ = {
			isa = XCConfigurationList;
			buildConfigurations = (
				E8F300F528140B1900E09118 /* Debug */,
				E8F300F628140B1900E09118 /* Release */,
			);
			defaultConfigurationIsVisible = 0;
			defaultConfigurationName = Release;
		};
/* End XCConfigurationList section */
	};
	rootObject = E8F300D828140B1800E09118 /* Project object */;
}
